
Microsoft Visual Studio Solution File, Format Version 12.00
# Visual Studio 14
VisualStudioVersion = 14.0.25420.1
MinimumVisualStudioVersion = 10.0.40219.1
Project("{FAE04EC0-301F-11D3-BF4B-00C04F79EFBC}") = "Sitemap.Presentation", "Sitemap.Presentation\Sitemap.Presentation.csproj", "{30769CA0-1BF8-45E4-B0FA-9E5C814637DF}"
EndProject
Project("{FAE04EC0-301F-11D3-BF4B-00C04F79EFBC}") = "Sitemap.Presentation.Tests", "Sitemap.Presentation.Tests\Sitemap.Presentation.Tests.csproj", "{6B7CFAB3-F5BE-41B2-B680-F288F21A376E}"
EndProject
Global
	GlobalSection(SolutionConfigurationPlatforms) = preSolution
		Debug|Any CPU = Debug|Any CPU
		Release|Any CPU = Release|Any CPU
	EndGlobalSection
	GlobalSection(ProjectConfigurationPlatforms) = postSolution
		{30769CA0-1BF8-45E4-B0FA-9E5C814637DF}.Debug|Any CPU.ActiveCfg = Debug|Any CPU
		{30769CA0-1BF8-45E4-B0FA-9E5C814637DF}.Debug|Any CPU.Build.0 = Debug|Any CPU
		{30769CA0-1BF8-45E4-B0FA-9E5C814637DF}.Release|Any CPU.ActiveCfg = Release|Any CPU
		{30769CA0-1BF8-45E4-B0FA-9E5C814637DF}.Release|Any CPU.Build.0 = Release|Any CPU
		{6B7CFAB3-F5BE-41B2-B680-F288F21A376E}.Debug|Any CPU.ActiveCfg = Debug|Any CPU
		{6B7CFAB3-F5BE-41B2-B680-F288F21A376E}.Debug|Any CPU.Build.0 = Debug|Any CPU
		{6B7CFAB3-F5BE-41B2-B680-F288F21A376E}.Release|Any CPU.ActiveCfg = Release|Any CPU
		{6B7CFAB3-F5BE-41B2-B680-F288F21A376E}.Release|Any CPU.Build.0 = Release|Any CPU
	EndGlobalSection
	GlobalSection(SolutionProperties) = preSolution
		HideSolutionNode = FALSE
	EndGlobalSection
EndGlobal
